{
    "_readme": [
        "This file locks the dependencies of your project to a known state",
        "Read more about it at https://getcomposer.org/doc/01-basic-usage.md#installing-dependencies",
        "This file is @generated automatically"
    ],
    "content-hash": "32e1bc42edaaf877d366b8420995fc02",
    "packages": [
        {
            "name": "behat/transliterator",
            "version": "v1.2.0",
            "source": {
                "type": "git",
                "url": "https://github.com/Behat/Transliterator.git",
                "reference": "826ce7e9c2a6664c0d1f381cbb38b1fb80a7ee2c"
            },
            "dist": {
                "type": "zip",
                "url": "https://api.github.com/repos/Behat/Transliterator/zipball/826ce7e9c2a6664c0d1f381cbb38b1fb80a7ee2c",
                "reference": "826ce7e9c2a6664c0d1f381cbb38b1fb80a7ee2c",
                "shasum": ""
            },
            "require": {
                "php": ">=5.3.3"
            },
            "require-dev": {
                "chuyskywalker/rolling-curl": "^3.1",
                "php-yaoi/php-yaoi": "^1.0"
            },
            "type": "library",
            "extra": {
                "branch-alias": {
                    "dev-master": "1.2-dev"
                }
            },
            "autoload": {
                "psr-0": {
                    "Behat\\Transliterator": "src/"
                }
            },
            "notification-url": "https://packagist.org/downloads/",
            "license": [
                "Artistic-1.0"
            ],
            "description": "String transliterator",
            "keywords": [
                "i18n",
                "slug",
                "transliterator"
            ],
            "time": "2017-04-04T11:38:05+00:00"
        },
        {
            "name": "league/flysystem",
            "version": "1.0.47",
            "source": {
                "type": "git",
                "url": "https://github.com/thephpleague/flysystem.git",
                "reference": "a11e4a75f256bdacf99d20780ce42d3b8272975c"
            },
            "dist": {
                "type": "zip",
                "url": "https://api.github.com/repos/thephpleague/flysystem/zipball/a11e4a75f256bdacf99d20780ce42d3b8272975c",
                "reference": "a11e4a75f256bdacf99d20780ce42d3b8272975c",
                "shasum": ""
            },
            "require": {
                "ext-fileinfo": "*",
                "php": ">=5.5.9"
            },
            "conflict": {
                "league/flysystem-sftp": "<1.0.6"
            },
            "require-dev": {
                "phpspec/phpspec": "^3.4",
                "phpunit/phpunit": "^5.7.10"
            },
            "suggest": {
                "ext-fileinfo": "Required for MimeType",
                "ext-ftp": "Allows you to use FTP server storage",
                "ext-openssl": "Allows you to use FTPS server storage",
                "league/flysystem-aws-s3-v2": "Allows you to use S3 storage with AWS SDK v2",
                "league/flysystem-aws-s3-v3": "Allows you to use S3 storage with AWS SDK v3",
                "league/flysystem-azure": "Allows you to use Windows Azure Blob storage",
                "league/flysystem-cached-adapter": "Flysystem adapter decorator for metadata caching",
                "league/flysystem-eventable-filesystem": "Allows you to use EventableFilesystem",
                "league/flysystem-rackspace": "Allows you to use Rackspace Cloud Files",
                "league/flysystem-sftp": "Allows you to use SFTP server storage via phpseclib",
                "league/flysystem-webdav": "Allows you to use WebDAV storage",
                "league/flysystem-ziparchive": "Allows you to use ZipArchive adapter",
                "spatie/flysystem-dropbox": "Allows you to use Dropbox storage",
                "srmklive/flysystem-dropbox-v2": "Allows you to use Dropbox storage for PHP 5 applications"
            },
            "type": "library",
            "extra": {
                "branch-alias": {
                    "dev-master": "1.1-dev"
                }
            },
            "autoload": {
                "psr-4": {
                    "League\\Flysystem\\": "src/"
                }
            },
            "notification-url": "https://packagist.org/downloads/",
            "license": [
                "MIT"
            ],
            "authors": [
                {
                    "name": "Frank de Jonge",
                    "email": "info@frenky.net"
                }
            ],
            "description": "Filesystem abstraction: Many filesystems, one API.",
            "keywords": [
                "Cloud Files",
                "WebDAV",
                "abstraction",
                "aws",
                "cloud",
                "copy.com",
                "dropbox",
                "file systems",
                "files",
                "filesystem",
                "filesystems",
                "ftp",
                "rackspace",
                "remote",
                "s3",
                "sftp",
                "storage"
            ],
            "time": "2018-09-14T15:30:29+00:00"
        },
        {
            "name": "predis/predis",
            "version": "v1.1.1",
            "source": {
                "type": "git",
                "url": "https://github.com/nrk/predis.git",
                "reference": "f0210e38881631afeafb56ab43405a92cafd9fd1"
            },
            "dist": {
                "type": "zip",
                "url": "https://api.github.com/repos/nrk/predis/zipball/f0210e38881631afeafb56ab43405a92cafd9fd1",
                "reference": "f0210e38881631afeafb56ab43405a92cafd9fd1",
                "shasum": ""
            },
            "require": {
                "php": ">=5.3.9"
            },
            "require-dev": {
                "phpunit/phpunit": "~4.8"
            },
            "suggest": {
                "ext-curl": "Allows access to Webdis when paired with phpiredis",
                "ext-phpiredis": "Allows faster serialization and deserialization of the Redis protocol"
            },
            "type": "library",
            "autoload": {
                "psr-4": {
                    "Predis\\": "src/"
                }
            },
            "notification-url": "https://packagist.org/downloads/",
            "license": [
                "MIT"
            ],
            "authors": [
                {
                    "name": "Daniele Alessandri",
                    "email": "suppakilla@gmail.com",
                    "homepage": "http://clorophilla.net"
                }
            ],
            "description": "Flexible and feature-complete Redis client for PHP and HHVM",
            "homepage": "http://github.com/nrk/predis",
            "keywords": [
                "nosql",
                "predis",
                "redis"
            ],
            "time": "2016-06-16T16:22:20+00:00"
        },
        {
            "name": "psr/cache",
            "version": "1.0.1",
            "source": {
                "type": "git",
                "url": "https://github.com/php-fig/cache.git",
                "reference": "d11b50ad223250cf17b86e38383413f5a6764bf8"
            },
            "dist": {
                "type": "zip",
                "url": "https://api.github.com/repos/php-fig/cache/zipball/d11b50ad223250cf17b86e38383413f5a6764bf8",
                "reference": "d11b50ad223250cf17b86e38383413f5a6764bf8",
                "shasum": ""
            },
            "require": {
                "php": ">=5.3.0"
            },
            "type": "library",
            "extra": {
                "branch-alias": {
                    "dev-master": "1.0.x-dev"
                }
            },
            "autoload": {
                "psr-4": {
                    "Psr\\Cache\\": "src/"
                }
            },
            "notification-url": "https://packagist.org/downloads/",
            "license": [
                "MIT"
            ],
            "authors": [
                {
                    "name": "PHP-FIG",
                    "homepage": "http://www.php-fig.org/"
                }
            ],
            "description": "Common interface for caching libraries",
            "keywords": [
                "cache",
                "psr",
                "psr-6"
            ],
            "time": "2016-08-06T20:24:11+00:00"
        },
        {
            "name": "psr/log",
            "version": "1.0.2",
            "source": {
                "type": "git",
                "url": "https://github.com/php-fig/log.git",
                "reference": "4ebe3a8bf773a19edfe0a84b6585ba3d401b724d"
            },
            "dist": {
                "type": "zip",
                "url": "https://api.github.com/repos/php-fig/log/zipball/4ebe3a8bf773a19edfe0a84b6585ba3d401b724d",
                "reference": "4ebe3a8bf773a19edfe0a84b6585ba3d401b724d",
                "shasum": ""
            },
            "require": {
                "php": ">=5.3.0"
            },
            "type": "library",
            "extra": {
                "branch-alias": {
                    "dev-master": "1.0.x-dev"
                }
            },
            "autoload": {
                "psr-4": {
                    "Psr\\Log\\": "Psr/Log/"
                }
            },
            "notification-url": "https://packagist.org/downloads/",
            "license": [
                "MIT"
            ],
            "authors": [
                {
                    "name": "PHP-FIG",
                    "homepage": "http://www.php-fig.org/"
                }
            ],
            "description": "Common interface for logging libraries",
            "homepage": "https://github.com/php-fig/log",
            "keywords": [
                "log",
                "psr",
                "psr-3"
            ],
            "time": "2016-10-10T12:19:37+00:00"
        },
        {
            "name": "subapp/annotations",
            "version": "v1.5.3",
            "source": {
                "type": "git",
                "url": "https://github.com/subapp/annotations.git",
                "reference": "c1b26afbf27f8e1fd7ae6bb7f8d435e544a1575c"
            },
            "dist": {
                "type": "zip",
                "url": "https://api.github.com/repos/subapp/annotations/zipball/c1b26afbf27f8e1fd7ae6bb7f8d435e544a1575c",
                "reference": "c1b26afbf27f8e1fd7ae6bb7f8d435e544a1575c",
                "shasum": ""
            },
            "require": {
                "php": ">=5.6",
                "subapp/cache": "~1.0",
                "subapp/collection": "~1.1",
                "subapp/lexer": "~1.5",
                "subapp/loader": "~1.5"
            },
            "type": "library",
            "autoload": {
                "psr-4": {
                    "Subapp\\Annotations\\": "src"
                }
            },
            "notification-url": "https://packagist.org/downloads/",
            "license": [
                "MIT"
            ],
            "authors": [
                {
                    "name": "Ivan Hontarenko",
                    "email": "stewie.dev@gmail.com"
                }
            ],
            "description": "Annotations Library",
            "keywords": [
                "annotations"
            ],
            "time": "2018-10-11T12:50:59+00:00"
        },
        {
            "name": "subapp/cache",
            "version": "v1.0.0",
            "source": {
                "type": "git",
                "url": "https://github.com/subapp/cache.git",
                "reference": "9abe88da03f635902b8e50ee4ed511cef60fd3ff"
            },
            "dist": {
                "type": "zip",
                "url": "https://api.github.com/repos/subapp/cache/zipball/9abe88da03f635902b8e50ee4ed511cef60fd3ff",
                "reference": "9abe88da03f635902b8e50ee4ed511cef60fd3ff",
                "shasum": ""
            },
            "require": {
                "league/flysystem": "^1.0",
                "php": ">=5.6",
                "predis/predis": "~1.0",
                "psr/cache": "~1.0"
            },
            "type": "library",
            "autoload": {
                "psr-4": {
                    "Subapp\\Cache\\": "src/"
                }
            },
            "notification-url": "https://packagist.org/downloads/",
            "license": [
                "MIT"
            ],
            "authors": [
                {
                    "name": "Ivan Hontarenko",
                    "email": "ihontarenko@gmail.com",
                    "role": "Developer"
                }
            ],
            "description": "Subapp Cache Component",
            "keywords": [
                "cache",
                "php cache",
                "psr-6",
                "subapp cache"
            ],
            "time": "2018-09-18T12:35:59+00:00"
        },
        {
            "name": "subapp/collection",
            "version": "v1.1.0",
            "source": {
                "type": "git",
                "url": "https://github.com/subapp/collection.git",
                "reference": "1d74938500633dc904f87a567f5fefd1c4c429a5"
            },
            "dist": {
                "type": "zip",
                "url": "https://api.github.com/repos/subapp/collection/zipball/1d74938500633dc904f87a567f5fefd1c4c429a5",
                "reference": "1d74938500633dc904f87a567f5fefd1c4c429a5",
                "shasum": ""
            },
            "require": {
                "ext-json": "*",
                "php": ">=5.6",
                "symfony/yaml": "~3.2"
            },
            "type": "library",
            "autoload": {
                "psr-4": {
                    "Subapp\\Collection\\": "src/"
                }
            },
            "notification-url": "https://packagist.org/downloads/",
            "license": [
                "MIT"
            ],
            "authors": [
                {
                    "name": "Ivan Hontarenko",
                    "email": "ihontarenko@gmail.com"
                }
            ],
            "description": "Collection Library",
            "keywords": [
                "collection",
                "php collection"
            ],
            "time": "2018-09-23T15:05:47+00:00"
        },
        {
            "name": "subapp/http",
            "version": "v0.3.1",
            "source": {
                "type": "git",
                "url": "https://github.com/subapp/http.git",
                "reference": "17473e860a7dde9a7d7d265acd088c28a45075f7"
            },
            "dist": {
                "type": "zip",
                "url": "https://api.github.com/repos/subapp/http/zipball/17473e860a7dde9a7d7d265acd088c28a45075f7",
                "reference": "17473e860a7dde9a7d7d265acd088c28a45075f7",
                "shasum": ""
            },
            "require": {
                "php": ">=5.6"
            },
            "type": "library",
            "autoload": {
                "psr-4": {
                    "Subapp\\Http\\": "src/"
                }
            },
            "notification-url": "https://packagist.org/downloads/",
            "license": [
                "MIT"
            ],
            "authors": [
                {
                    "name": "Ivan Hontarenko",
                    "email": "stewie.dev@gmail.com"
                }
            ],
            "description": "Http Library",
            "keywords": [
                "colibri http",
                "http",
                "php http"
            ],
            "time": "2018-10-11T08:21:43+00:00"
        },
        {
            "name": "subapp/lexer",
            "version": "v1.5.0",
            "source": {
                "type": "git",
                "url": "https://github.com/subapp/lexer.git",
                "reference": "6487add8ea566ce2cdd8e9044d600153639cf428"
            },
            "dist": {
                "type": "zip",
                "url": "https://api.github.com/repos/subapp/lexer/zipball/6487add8ea566ce2cdd8e9044d600153639cf428",
                "reference": "6487add8ea566ce2cdd8e9044d600153639cf428",
                "shasum": ""
            },
            "require": {
                "php": ">=5.6"
            },
            "type": "library",
            "autoload": {
                "psr-4": {
                    "Subapp\\Lexer\\": "src"
                }
            },
            "notification-url": "https://packagist.org/downloads/",
            "license": [
                "MIT"
            ],
            "authors": [
                {
                    "name": "Ivan Hontarenko",
                    "email": "stewie.dev@gmail.com"
                }
            ],
            "description": "Abstract Lexer",
            "keywords": [
                "lexer"
            ],
            "time": "2018-10-08T12:16:33+00:00"
        },
        {
            "name": "subapp/loader",
            "version": "v1.5.0",
            "source": {
                "type": "git",
                "url": "https://github.com/subapp/loader.git",
                "reference": "0004b6976d476b5113bfec8ffb92af3a01008668"
            },
            "dist": {
                "type": "zip",
                "url": "https://api.github.com/repos/subapp/loader/zipball/0004b6976d476b5113bfec8ffb92af3a01008668",
                "reference": "0004b6976d476b5113bfec8ffb92af3a01008668",
                "shasum": ""
            },
            "require": {
                "php": ">=5.5"
            },
            "type": "library",
            "autoload": {
                "psr-4": {
                    "Subapp\\Loader\\": "src/"
                }
            },
            "notification-url": "https://packagist.org/downloads/",
            "license": [
                "MIT"
            ],
            "authors": [
                {
                    "name": "Ivan Hontarenko",
                    "email": "stewie.dev@gmail.com"
                }
            ],
            "description": "Universal Autoloader",
            "keywords": [
                "autoloader",
                "loader",
                "php autoloader",
                "php loader"
            ],
            "time": "2018-10-08T12:07:40+00:00"
        },
        {
            "name": "subapp/orm",
            "version": "v2.3.0",
            "source": {
                "type": "git",
                "url": "https://github.com/subapp/orm.git",
                "reference": "396c53eab90dd911ce1a4dbccf3713731490c915"
            },
            "dist": {
                "type": "zip",
                "url": "https://api.github.com/repos/subapp/orm/zipball/396c53eab90dd911ce1a4dbccf3713731490c915",
                "reference": "396c53eab90dd911ce1a4dbccf3713731490c915",
                "shasum": ""
            },
            "require": {
                "behat/transliterator": "~1.1",
                "ext-pdo": "*",
                "ext-simplexml": "*",
                "php": ">=7.1",
                "psr/cache": "~1.0",
                "psr/log": "~1.0",
                "subapp/annotations": "~1.2",
                "subapp/cache": "~1.0",
                "subapp/collection": "~1.0",
                "symfony/console": "~2.3||~3.0",
                "symfony/yaml": "~2.3||~3.0"
            },
            "type": "library",
            "autoload": {
                "psr-4": {
                    "Subapp\\Orm\\": "src/"
                }
            },
            "notification-url": "https://packagist.org/downloads/",
            "license": [
                "MIT"
            ],
            "authors": [
                {
                    "name": "Ivan Hontarenko",
                    "email": "ihontarenko@gmail.com",
                    "homepage": "https://ihontarenko.dotweb.space/",
                    "role": "Developer"
                }
            ],
            "description": "Subapp ORM - PHP Data Mapper ORM",
            "keywords": [
                "php orm",
                "subapp",
                "subapp orm"
            ],
            "time": "2018-10-11T08:49:50+00:00"
        },
        {
            "name": "subapp/router",
            "version": "v0.3.0",
            "source": {
                "type": "git",
                "url": "https://github.com/subapp/router.git",
                "reference": "d843df8568677b7a64ddc6e83cf8146c55145ed5"
            },
            "dist": {
                "type": "zip",
                "url": "https://api.github.com/repos/subapp/router/zipball/d843df8568677b7a64ddc6e83cf8146c55145ed5",
                "reference": "d843df8568677b7a64ddc6e83cf8146c55145ed5",
                "shasum": ""
            },
            "require": {
                "php": ">=5.6",
                "subapp/http": "~0.1"
            },
            "type": "library",
            "autoload": {
                "psr-4": {
                    "Subapp\\Router\\": "src/"
                }
            },
            "notification-url": "https://packagist.org/downloads/",
            "license": [
                "MIT"
            ],
            "authors": [
                {
                    "name": "Ivan Hontarenko",
                    "email": "stewie.dev@gmail.com"
                }
            ],
            "description": "Router Library",
            "keywords": [
                "colibriphp router",
                "php router",
                "router"
            ],
            "time": "2018-10-08T11:55:36+00:00"
        },
        {
            "name": "subapp/service-locator",
            "version": "v0.3.0",
            "source": {
                "type": "git",
                "url": "https://github.com/subapp/service-locator.git",
                "reference": "d85c6a5bd46dc5518a55c00a2997a9b01d7e8032"
            },
            "dist": {
                "type": "zip",
                "url": "https://api.github.com/repos/subapp/service-locator/zipball/d85c6a5bd46dc5518a55c00a2997a9b01d7e8032",
                "reference": "d85c6a5bd46dc5518a55c00a2997a9b01d7e8032",
                "shasum": ""
            },
            "require": {
                "php": ">=5.6"
            },
            "type": "library",
            "autoload": {
                "psr-4": {
                    "Subapp\\ServiceLocator\\": "src/"
                }
            },
            "notification-url": "https://packagist.org/downloads/",
            "license": [
                "MIT"
            ],
            "authors": [
                {
                    "name": "Ivan Hontarenko",
                    "email": "stewie.dev@gmail.com"
                }
            ],
            "description": "Service Locator Library",
            "keywords": [
                "php service locator",
                "service locator"
            ],
            "time": "2018-10-08T11:55:20+00:00"
        },
        {
            "name": "subapp/session",
            "version": "v0.3.0",
            "source": {
                "type": "git",
                "url": "https://github.com/subapp/session.git",
                "reference": "4d5ea901fd2b2bb13667bdafaed3c04bc2c0ddc5"
            },
            "dist": {
                "type": "zip",
                "url": "https://api.github.com/repos/subapp/session/zipball/4d5ea901fd2b2bb13667bdafaed3c04bc2c0ddc5",
                "reference": "4d5ea901fd2b2bb13667bdafaed3c04bc2c0ddc5",
                "shasum": ""
            },
            "require": {
                "php": ">=5.5"
            },
            "type": "library",
            "autoload": {
                "psr-4": {
                    "Subapp\\Session\\": "src/"
                }
            },
            "notification-url": "https://packagist.org/downloads/",
            "license": [
                "MIT"
            ],
            "authors": [
                {
                    "name": "Ivan Hontarenko",
                    "email": "stewie.dev@gmail.com"
                }
            ],
            "description": "Session Library",
            "keywords": [
                "php session",
                "session"
            ],
            "time": "2018-10-10T16:03:33+00:00"
        },
        {
            "name": "subapp/template",
            "version": "v1.4.2",
            "source": {
                "type": "git",
                "url": "https://github.com/subapp/template.git",
                "reference": "4647d914071228a8c3b3de0935a7da7d363b958d"
            },
            "dist": {
                "type": "zip",
                "url": "https://api.github.com/repos/subapp/template/zipball/4647d914071228a8c3b3de0935a7da7d363b958d",
                "reference": "4647d914071228a8c3b3de0935a7da7d363b958d",
                "shasum": ""
            },
            "require": {
                "php": ">=5.6",
                "subapp/collection": "~1.0"
            },
            "type": "library",
            "autoload": {
                "psr-4": {
                    "Subapp\\Template\\": "src/"
                }
            },
            "notification-url": "https://packagist.org/downloads/",
            "license": [
                "MIT"
            ],
            "authors": [
                {
                    "name": "Ivan Hontarenko",
                    "email": "stewie.dev@gmail.com"
                }
            ],
            "description": "Template Library",
            "keywords": [
                "php template",
                "template"
            ],
            "time": "2018-10-11T10:39:16+00:00"
        },
        {
            "name": "subapp/uri",
            "version": "v0.2.0",
            "source": {
                "type": "git",
                "url": "https://github.com/subapp/uri.git",
                "reference": "402de0f29be7bd55271e8b90f462e3d9171bbe9c"
            },
            "dist": {
                "type": "zip",
                "url": "https://api.github.com/repos/subapp/uri/zipball/402de0f29be7bd55271e8b90f462e3d9171bbe9c",
                "reference": "402de0f29be7bd55271e8b90f462e3d9171bbe9c",
                "shasum": ""
            },
            "require": {
                "php": ">=5.5",
                "subapp/http": "~0.1"
            },
            "type": "library",
            "autoload": {
                "psr-4": {
                    "Subapp\\URI\\": "src/"
                }
            },
            "notification-url": "https://packagist.org/downloads/",
            "license": [
                "MIT"
            ],
            "authors": [
                {
                    "name": "Ivan Hontarenko",
                    "email": "stewie.dev@gmail.com"
                }
            ],
            "description": "URL/URI Library",
            "keywords": [
                "dez-php url",
                "php url",
                "uri",
                "url",
                "url builder"
            ],
            "time": "2018-10-08T11:55:17+00:00"
        },
        {
            "name": "subapp/url-generator",
            "version": "v0.3.0",
            "source": {
                "type": "git",
                "url": "https://github.com/subapp/url-generator.git",
                "reference": "52a4e599974c23679004a531573a0c21432ed962"
            },
            "dist": {
                "type": "zip",
                "url": "https://api.github.com/repos/subapp/url-generator/zipball/52a4e599974c23679004a531573a0c21432ed962",
                "reference": "52a4e599974c23679004a531573a0c21432ed962",
                "shasum": ""
            },
            "require": {
                "php": ">=5.5",
                "subapp/router": "~0.1",
                "subapp/uri": "~0.1"
            },
            "type": "library",
            "autoload": {
                "psr-4": {
                    "Subapp\\UrlGenerator\\": "src/"
                }
            },
            "notification-url": "https://packagist.org/downloads/",
            "license": [
                "MIT"
            ],
            "authors": [
                {
                    "name": "Ivan Hontarenko",
                    "email": "stewie.dev@gmail.com"
                }
            ],
            "description": "URL Generator Library",
            "keywords": [
                "Url Generator",
                "php url",
                "uri",
                "url"
            ],
            "time": "2018-10-08T11:55:24+00:00"
        },
        {
            "name": "symfony/console",
            "version": "v3.4.17",
            "source": {
                "type": "git",
                "url": "https://github.com/symfony/console.git",
                "reference": "3b2b415d4c48fbefca7dc742aa0a0171bfae4e0b"
            },
            "dist": {
                "type": "zip",
                "url": "https://api.github.com/repos/symfony/console/zipball/3b2b415d4c48fbefca7dc742aa0a0171bfae4e0b",
                "reference": "3b2b415d4c48fbefca7dc742aa0a0171bfae4e0b",
                "shasum": ""
            },
            "require": {
                "php": "^5.5.9|>=7.0.8",
                "symfony/debug": "~2.8|~3.0|~4.0",
                "symfony/polyfill-mbstring": "~1.0"
            },
            "conflict": {
                "symfony/dependency-injection": "<3.4",
                "symfony/process": "<3.3"
            },
            "require-dev": {
                "psr/log": "~1.0",
                "symfony/config": "~3.3|~4.0",
                "symfony/dependency-injection": "~3.4|~4.0",
                "symfony/event-dispatcher": "~2.8|~3.0|~4.0",
                "symfony/lock": "~3.4|~4.0",
                "symfony/process": "~3.3|~4.0"
            },
            "suggest": {
                "psr/log-implementation": "For using the console logger",
                "symfony/event-dispatcher": "",
                "symfony/lock": "",
                "symfony/process": ""
            },
            "type": "library",
            "extra": {
                "branch-alias": {
                    "dev-master": "3.4-dev"
                }
            },
            "autoload": {
                "psr-4": {
                    "Symfony\\Component\\Console\\": ""
                },
                "exclude-from-classmap": [
                    "/Tests/"
                ]
            },
            "notification-url": "https://packagist.org/downloads/",
            "license": [
                "MIT"
            ],
            "authors": [
                {
                    "name": "Fabien Potencier",
                    "email": "fabien@symfony.com"
                },
                {
                    "name": "Symfony Community",
                    "homepage": "https://symfony.com/contributors"
                }
            ],
            "description": "Symfony Console Component",
            "homepage": "https://symfony.com",
            "time": "2018-10-02T16:33:53+00:00"
        },
        {
            "name": "symfony/debug",
            "version": "v4.1.6",
            "source": {
                "type": "git",
                "url": "https://github.com/symfony/debug.git",
                "reference": "e3f76ce6198f81994e019bb2b4e533e9de1b9b90"
            },
            "dist": {
                "type": "zip",
                "url": "https://api.github.com/repos/symfony/debug/zipball/e3f76ce6198f81994e019bb2b4e533e9de1b9b90",
                "reference": "e3f76ce6198f81994e019bb2b4e533e9de1b9b90",
                "shasum": ""
            },
            "require": {
                "php": "^7.1.3",
                "psr/log": "~1.0"
            },
            "conflict": {
                "symfony/http-kernel": "<3.4"
            },
            "require-dev": {
                "symfony/http-kernel": "~3.4|~4.0"
            },
            "type": "library",
            "extra": {
                "branch-alias": {
                    "dev-master": "4.1-dev"
                }
            },
            "autoload": {
                "psr-4": {
                    "Symfony\\Component\\Debug\\": ""
                },
                "exclude-from-classmap": [
                    "/Tests/"
                ]
            },
            "notification-url": "https://packagist.org/downloads/",
            "license": [
                "MIT"
            ],
            "authors": [
                {
                    "name": "Fabien Potencier",
                    "email": "fabien@symfony.com"
                },
                {
                    "name": "Symfony Community",
                    "homepage": "https://symfony.com/contributors"
                }
            ],
            "description": "Symfony Debug Component",
            "homepage": "https://symfony.com",
            "time": "2018-10-02T16:36:10+00:00"
        },
        {
            "name": "symfony/polyfill-ctype",
            "version": "v1.9.0",
            "source": {
                "type": "git",
                "url": "https://github.com/symfony/polyfill-ctype.git",
                "reference": "e3d826245268269cd66f8326bd8bc066687b4a19"
            },
            "dist": {
                "type": "zip",
                "url": "https://api.github.com/repos/symfony/polyfill-ctype/zipball/e3d826245268269cd66f8326bd8bc066687b4a19",
                "reference": "e3d826245268269cd66f8326bd8bc066687b4a19",
                "shasum": ""
            },
            "require": {
                "php": ">=5.3.3"
            },
            "suggest": {
                "ext-ctype": "For best performance"
            },
            "type": "library",
            "extra": {
                "branch-alias": {
                    "dev-master": "1.9-dev"
                }
            },
            "autoload": {
                "psr-4": {
                    "Symfony\\Polyfill\\Ctype\\": ""
                },
                "files": [
                    "bootstrap.php"
                ]
            },
            "notification-url": "https://packagist.org/downloads/",
            "license": [
                "MIT"
            ],
            "authors": [
                {
                    "name": "Symfony Community",
                    "homepage": "https://symfony.com/contributors"
                },
                {
                    "name": "Gert de Pagter",
                    "email": "BackEndTea@gmail.com"
                }
            ],
            "description": "Symfony polyfill for ctype functions",
            "homepage": "https://symfony.com",
            "keywords": [
                "compatibility",
                "ctype",
                "polyfill",
                "portable"
            ],
            "time": "2018-08-06T14:22:27+00:00"
        },
        {
            "name": "symfony/polyfill-mbstring",
            "version": "v1.9.0",
            "source": {
                "type": "git",
                "url": "https://github.com/symfony/polyfill-mbstring.git",
                "reference": "d0cd638f4634c16d8df4508e847f14e9e43168b8"
            },
            "dist": {
                "type": "zip",
                "url": "https://api.github.com/repos/symfony/polyfill-mbstring/zipball/d0cd638f4634c16d8df4508e847f14e9e43168b8",
                "reference": "d0cd638f4634c16d8df4508e847f14e9e43168b8",
                "shasum": ""
            },
            "require": {
                "php": ">=5.3.3"
            },
            "suggest": {
                "ext-mbstring": "For best performance"
            },
            "type": "library",
            "extra": {
                "branch-alias": {
                    "dev-master": "1.9-dev"
                }
            },
            "autoload": {
                "psr-4": {
                    "Symfony\\Polyfill\\Mbstring\\": ""
                },
                "files": [
                    "bootstrap.php"
                ]
            },
            "notification-url": "https://packagist.org/downloads/",
            "license": [
                "MIT"
            ],
            "authors": [
                {
                    "name": "Nicolas Grekas",
                    "email": "p@tchwork.com"
                },
                {
                    "name": "Symfony Community",
                    "homepage": "https://symfony.com/contributors"
                }
            ],
            "description": "Symfony polyfill for the Mbstring extension",
            "homepage": "https://symfony.com",
            "keywords": [
                "compatibility",
                "mbstring",
                "polyfill",
                "portable",
                "shim"
            ],
            "time": "2018-08-06T14:22:27+00:00"
        },
        {
            "name": "symfony/yaml",
            "version": "v3.4.17",
            "source": {
                "type": "git",
                "url": "https://github.com/symfony/yaml.git",
                "reference": "640b6c27fed4066d64b64d5903a86043f4a4de7f"
            },
            "dist": {
                "type": "zip",
                "url": "https://api.github.com/repos/symfony/yaml/zipball/640b6c27fed4066d64b64d5903a86043f4a4de7f",
                "reference": "640b6c27fed4066d64b64d5903a86043f4a4de7f",
                "shasum": ""
            },
            "require": {
                "php": "^5.5.9|>=7.0.8",
                "symfony/polyfill-ctype": "~1.8"
            },
            "conflict": {
                "symfony/console": "<3.4"
            },
            "require-dev": {
                "symfony/console": "~3.4|~4.0"
            },
            "suggest": {
                "symfony/console": "For validating YAML files using the lint command"
            },
            "type": "library",
            "extra": {
                "branch-alias": {
                    "dev-master": "3.4-dev"
                }
            },
            "autoload": {
                "psr-4": {
                    "Symfony\\Component\\Yaml\\": ""
                },
                "exclude-from-classmap": [
                    "/Tests/"
                ]
            },
            "notification-url": "https://packagist.org/downloads/",
            "license": [
                "MIT"
            ],
            "authors": [
                {
                    "name": "Fabien Potencier",
                    "email": "fabien@symfony.com"
                },
                {
                    "name": "Symfony Community",
                    "homepage": "https://symfony.com/contributors"
                }
            ],
            "description": "Symfony Yaml Component",
            "homepage": "https://symfony.com",
            "time": "2018-10-02T16:33:53+00:00"
        }
    ],
    "packages-dev": [],
    "aliases": [],
    "minimum-stability": "stable",
    "stability-flags": [],
    "prefer-stable": false,
    "prefer-lowest": false,
    "platform": {
        "php": ">=5.5"
    },
    "platform-dev": []
}
