{
    "_readme": [
        "This file locks the dependencies of your project to a known state",
        "Read more about it at https://getcomposer.org/doc/01-basic-usage.md#composer-lock-the-lock-file",
        "This file is @generated automatically"
    ],
    "hash": "695a93277b35bbff0a0ff2eb8b412818",
    "content-hash": "fea49fcebb9f9c35bde9b944f60b1634",
    "packages": [
        {
            "name": "colibriphp/annotations",
            "version": "1.0.1",
            "source": {
                "type": "git",
                "url": "https://github.com/colibrilabs/annotations.git",
                "reference": "67d1a4b33478606d37b2f0dbd728924b03304346"
            },
            "dist": {
                "type": "zip",
                "url": "https://api.github.com/repos/colibrilabs/annotations/zipball/67d1a4b33478606d37b2f0dbd728924b03304346",
                "reference": "67d1a4b33478606d37b2f0dbd728924b03304346",
                "shasum": ""
            },
            "require": {
                "colibriphp/cache": "~1.0",
                "colibriphp/collection": "~0.1",
                "colibriphp/lexer": "~1.0",
                "colibriphp/loader": "~0.1",
                "php": ">=5.6"
            },
            "type": "library",
            "autoload": {
                "psr-4": {
                    "Colibri\\Annotations\\": "src"
                }
            },
            "notification-url": "https://packagist.org/downloads/",
            "license": [
                "MIT"
            ],
            "authors": [
                {
                    "name": "Ivan Hontarenko",
                    "email": "stewie.dev@gmail.com"
                }
            ],
            "description": "Annotations Library",
            "keywords": [
                "annotations"
            ],
            "abandoned": "colibrilabs/annotations",
            "time": "2017-05-22 10:24:23"
        },
        {
            "name": "colibriphp/cache",
            "version": "1.0.0",
            "source": {
                "type": "git",
                "url": "https://github.com/colibriphp/cache.git",
                "reference": "4bd9647f2ebbf12b9faf1529f889a8a71689c403"
            },
            "dist": {
                "type": "zip",
                "url": "https://api.github.com/repos/colibriphp/cache/zipball/4bd9647f2ebbf12b9faf1529f889a8a71689c403",
                "reference": "4bd9647f2ebbf12b9faf1529f889a8a71689c403",
                "shasum": ""
            },
            "require": {
                "league/flysystem": "^1.0",
                "php": ">=5.6",
                "predis/predis": "~1.0",
                "psr/cache": "~1.0"
            },
            "type": "library",
            "autoload": {
                "psr-4": {
                    "Colibri\\Cache\\": "src/"
                }
            },
            "notification-url": "https://packagist.org/downloads/",
            "license": [
                "MIT"
            ],
            "authors": [
                {
                    "name": "Ivan Hontarenko",
                    "email": "stewie.dev@gmail.com",
                    "homepage": "http://fux7.com/",
                    "role": "Developer"
                }
            ],
            "description": "Colibri Cache Component",
            "keywords": [
                "cache",
                "colibri cache",
                "php cache",
                "psr-6"
            ],
            "time": "2017-05-13 09:18:33"
        },
        {
            "name": "colibriphp/collection",
            "version": "v0.1.0",
            "source": {
                "type": "git",
                "url": "https://github.com/colibriphp/collection.git",
                "reference": "ed56fcf2de8101b4151ae3972dfe7cda404948f4"
            },
            "dist": {
                "type": "zip",
                "url": "https://api.github.com/repos/colibriphp/collection/zipball/ed56fcf2de8101b4151ae3972dfe7cda404948f4",
                "reference": "ed56fcf2de8101b4151ae3972dfe7cda404948f4",
                "shasum": ""
            },
            "require": {
                "php": ">=5.6"
            },
            "type": "library",
            "autoload": {
                "psr-4": {
                    "Colibri\\Collection\\": "src/"
                }
            },
            "notification-url": "https://packagist.org/downloads/",
            "license": [
                "MIT"
            ],
            "authors": [
                {
                    "name": "Ivan Hontarenko",
                    "email": "stewie.dev@gmail.com"
                }
            ],
            "description": "Collection Library",
            "keywords": [
                "collection",
                "php collection"
            ],
            "time": "2017-05-05 12:09:42"
        },
        {
            "name": "colibriphp/html",
            "version": "v0.1.1",
            "source": {
                "type": "git",
                "url": "https://github.com/colibriphp/html.git",
                "reference": "c4ba357ee6bb50663ffdde5a6828b5e38635ad74"
            },
            "dist": {
                "type": "zip",
                "url": "https://api.github.com/repos/colibriphp/html/zipball/c4ba357ee6bb50663ffdde5a6828b5e38635ad74",
                "reference": "c4ba357ee6bb50663ffdde5a6828b5e38635ad74",
                "shasum": ""
            },
            "require": {
                "php": ">=5.5"
            },
            "type": "library",
            "autoload": {
                "psr-4": {
                    "Colibri\\Html\\": "src/"
                }
            },
            "notification-url": "https://packagist.org/downloads/",
            "license": [
                "MIT"
            ],
            "authors": [
                {
                    "name": "Ivan Hontarenko",
                    "email": "stewie.dev@gmail.com"
                }
            ],
            "description": "Html Library",
            "keywords": [
                "html",
                "php html"
            ],
            "time": "2017-05-13 08:28:34"
        },
        {
            "name": "colibriphp/http",
            "version": "v0.1.0",
            "source": {
                "type": "git",
                "url": "https://github.com/colibriphp/http.git",
                "reference": "c751c9541e6bc24b62195f1accd72c23153f5aad"
            },
            "dist": {
                "type": "zip",
                "url": "https://api.github.com/repos/colibriphp/http/zipball/c751c9541e6bc24b62195f1accd72c23153f5aad",
                "reference": "c751c9541e6bc24b62195f1accd72c23153f5aad",
                "shasum": ""
            },
            "require": {
                "php": ">=5.6"
            },
            "type": "library",
            "autoload": {
                "psr-4": {
                    "Colibri\\Http\\": "src/"
                }
            },
            "notification-url": "https://packagist.org/downloads/",
            "license": [
                "MIT"
            ],
            "authors": [
                {
                    "name": "Ivan Hontarenko",
                    "email": "stewie.dev@gmail.com"
                }
            ],
            "description": "Http Library",
            "keywords": [
                "colibri http",
                "http",
                "php http"
            ],
            "time": "2017-05-04 14:56:23"
        },
        {
            "name": "colibriphp/lexer",
            "version": "1.2.0",
            "source": {
                "type": "git",
                "url": "https://github.com/colibriphp/lexer.git",
                "reference": "12a481500aa1ef677a7483daca0981587157a428"
            },
            "dist": {
                "type": "zip",
                "url": "https://api.github.com/repos/colibriphp/lexer/zipball/12a481500aa1ef677a7483daca0981587157a428",
                "reference": "12a481500aa1ef677a7483daca0981587157a428",
                "shasum": ""
            },
            "require": {
                "php": ">=5.6"
            },
            "type": "library",
            "autoload": {
                "psr-4": {
                    "Colibri\\Lexer\\": "src"
                }
            },
            "notification-url": "https://packagist.org/downloads/",
            "license": [
                "MIT"
            ],
            "authors": [
                {
                    "name": "Ivan Hontarenko",
                    "email": "stewie.dev@gmail.com"
                }
            ],
            "description": "Abstract Lexer",
            "keywords": [
                "lexer"
            ],
            "time": "2017-05-19 08:09:30"
        },
        {
            "name": "colibriphp/loader",
            "version": "v0.1.1",
            "source": {
                "type": "git",
                "url": "https://github.com/colibrilabs/loader.git",
                "reference": "88ffb774f6248ab0cd64ef94dc6c36f3a50026f1"
            },
            "dist": {
                "type": "zip",
                "url": "https://api.github.com/repos/colibrilabs/loader/zipball/88ffb774f6248ab0cd64ef94dc6c36f3a50026f1",
                "reference": "88ffb774f6248ab0cd64ef94dc6c36f3a50026f1",
                "shasum": ""
            },
            "require": {
                "php": ">=5.5"
            },
            "type": "library",
            "autoload": {
                "psr-4": {
                    "Colibri\\Loader\\": "src/"
                }
            },
            "notification-url": "https://packagist.org/downloads/",
            "license": [
                "MIT"
            ],
            "authors": [
                {
                    "name": "Ivan Hontarenko",
                    "email": "stewie.dev@gmail.com"
                }
            ],
            "description": "Universal Autoloader",
            "keywords": [
                "autoloader",
                "loader",
                "php autoloader",
                "php loader"
            ],
            "time": "2017-05-12 11:05:31"
        },
        {
            "name": "colibriphp/parameters",
            "version": "v0.1.1",
            "source": {
                "type": "git",
                "url": "https://github.com/colibriphp/parameters.git",
                "reference": "488a7b48478a204b13864471fcedd42e1781d68e"
            },
            "dist": {
                "type": "zip",
                "url": "https://api.github.com/repos/colibriphp/parameters/zipball/488a7b48478a204b13864471fcedd42e1781d68e",
                "reference": "488a7b48478a204b13864471fcedd42e1781d68e",
                "shasum": ""
            },
            "require": {
                "php": ">=5.5",
                "symfony/yaml": "~3.2"
            },
            "type": "library",
            "autoload": {
                "psr-4": {
                    "Colibri\\Parameters\\": "src/"
                }
            },
            "notification-url": "https://packagist.org/downloads/",
            "license": [
                "MIT"
            ],
            "authors": [
                {
                    "name": "Ivan Hontarenko",
                    "email": "stewie.dev@gmail.com"
                }
            ],
            "description": "Parameters Reader 🍓",
            "keywords": [
                "parameters",
                "php parameters"
            ],
            "time": "2017-05-05 12:07:13"
        },
        {
            "name": "colibriphp/router",
            "version": "v0.1.1",
            "source": {
                "type": "git",
                "url": "https://github.com/colibriphp/router.git",
                "reference": "ad588e135f7d4a078f50559c814926d92e708399"
            },
            "dist": {
                "type": "zip",
                "url": "https://api.github.com/repos/colibriphp/router/zipball/ad588e135f7d4a078f50559c814926d92e708399",
                "reference": "ad588e135f7d4a078f50559c814926d92e708399",
                "shasum": ""
            },
            "require": {
                "colibriphp/http": "~0.1",
                "php": ">=5.6"
            },
            "type": "library",
            "autoload": {
                "psr-4": {
                    "Colibri\\Router\\": "src/"
                }
            },
            "notification-url": "https://packagist.org/downloads/",
            "license": [
                "MIT"
            ],
            "authors": [
                {
                    "name": "Ivan Hontarenko",
                    "email": "stewie.dev@gmail.com"
                }
            ],
            "description": "Router Library",
            "keywords": [
                "colibriphp router",
                "php router",
                "router"
            ],
            "time": "2017-05-12 15:16:18"
        },
        {
            "name": "colibriphp/service-locator",
            "version": "v0.2.1",
            "source": {
                "type": "git",
                "url": "https://github.com/colibriphp/service-locator.git",
                "reference": "478408dcfa4c2316f8306daab4e31a0c169538f5"
            },
            "dist": {
                "type": "zip",
                "url": "https://api.github.com/repos/colibriphp/service-locator/zipball/478408dcfa4c2316f8306daab4e31a0c169538f5",
                "reference": "478408dcfa4c2316f8306daab4e31a0c169538f5",
                "shasum": ""
            },
            "require": {
                "php": ">=5.6"
            },
            "type": "library",
            "autoload": {
                "psr-4": {
                    "Colibri\\ServiceLocator\\": "src/"
                }
            },
            "notification-url": "https://packagist.org/downloads/",
            "license": [
                "MIT"
            ],
            "authors": [
                {
                    "name": "Ivan Hontarenko",
                    "email": "stewie.dev@gmail.com"
                }
            ],
            "description": "Service Locator Library",
            "keywords": [
                "php service locator",
                "service locator"
            ],
            "time": "2017-05-12 17:51:48"
        },
        {
            "name": "colibriphp/session",
            "version": "v0.1.1",
            "source": {
                "type": "git",
                "url": "https://github.com/colibriphp/session.git",
                "reference": "9766b70fd7a5e05f95b9b3563d8b02ca2caf4c10"
            },
            "dist": {
                "type": "zip",
                "url": "https://api.github.com/repos/colibriphp/session/zipball/9766b70fd7a5e05f95b9b3563d8b02ca2caf4c10",
                "reference": "9766b70fd7a5e05f95b9b3563d8b02ca2caf4c10",
                "shasum": ""
            },
            "require": {
                "php": ">=5.5"
            },
            "type": "library",
            "autoload": {
                "psr-4": {
                    "Colibri\\Session\\": "src/"
                }
            },
            "notification-url": "https://packagist.org/downloads/",
            "license": [
                "MIT"
            ],
            "authors": [
                {
                    "name": "Ivan Hontarenko",
                    "email": "stewie.dev@gmail.com"
                }
            ],
            "description": "Session Library",
            "keywords": [
                "php session",
                "session"
            ],
            "time": "2017-05-12 14:33:37"
        },
        {
            "name": "colibriphp/template",
            "version": "v1.1.0",
            "source": {
                "type": "git",
                "url": "https://github.com/colibriphp/template.git",
                "reference": "0ad1e9286b124ffed1e8b9c365fccf3c045c6ee0"
            },
            "dist": {
                "type": "zip",
                "url": "https://api.github.com/repos/colibriphp/template/zipball/0ad1e9286b124ffed1e8b9c365fccf3c045c6ee0",
                "reference": "0ad1e9286b124ffed1e8b9c365fccf3c045c6ee0",
                "shasum": ""
            },
            "require": {
                "colibriphp/collection": "~0.1",
                "php": ">=5.6"
            },
            "type": "library",
            "autoload": {
                "psr-4": {
                    "Colibri\\Template\\": "src/"
                }
            },
            "notification-url": "https://packagist.org/downloads/",
            "license": [
                "MIT"
            ],
            "authors": [
                {
                    "name": "Ivan Hontarenko",
                    "email": "stewie.dev@gmail.com"
                }
            ],
            "description": "Template Library",
            "keywords": [
                "php template",
                "template"
            ],
            "time": "2017-05-13 11:03:17"
        },
        {
            "name": "colibriphp/uri",
            "version": "v0.1.0",
            "source": {
                "type": "git",
                "url": "https://github.com/colibriphp/uri.git",
                "reference": "ac8a00b6bcb8bb8b35a67908449b9822da356757"
            },
            "dist": {
                "type": "zip",
                "url": "https://api.github.com/repos/colibriphp/uri/zipball/ac8a00b6bcb8bb8b35a67908449b9822da356757",
                "reference": "ac8a00b6bcb8bb8b35a67908449b9822da356757",
                "shasum": ""
            },
            "require": {
                "colibriphp/http": "~0.1",
                "php": ">=5.5"
            },
            "type": "library",
            "autoload": {
                "psr-4": {
                    "Colibri\\URI\\": "src/"
                }
            },
            "notification-url": "https://packagist.org/downloads/",
            "license": [
                "MIT"
            ],
            "authors": [
                {
                    "name": "Ivan Hontarenko",
                    "email": "stewie.dev@gmail.com"
                }
            ],
            "description": "URL/URI Library",
            "keywords": [
                "dez-php url",
                "php url",
                "uri",
                "url",
                "url builder"
            ],
            "time": "2017-05-05 09:10:46"
        },
        {
            "name": "colibriphp/url-generator",
            "version": "v0.1.0",
            "source": {
                "type": "git",
                "url": "https://github.com/colibriphp/url-generator.git",
                "reference": "73fd735ea07bdc24b3a0d41a8e284c65f53b5362"
            },
            "dist": {
                "type": "zip",
                "url": "https://api.github.com/repos/colibriphp/url-generator/zipball/73fd735ea07bdc24b3a0d41a8e284c65f53b5362",
                "reference": "73fd735ea07bdc24b3a0d41a8e284c65f53b5362",
                "shasum": ""
            },
            "require": {
                "colibriphp/router": "~0.1",
                "colibriphp/uri": "~0.1",
                "php": ">=5.5"
            },
            "type": "library",
            "autoload": {
                "psr-4": {
                    "Colibri\\UrlGenerator\\": "src/"
                }
            },
            "notification-url": "https://packagist.org/downloads/",
            "license": [
                "MIT"
            ],
            "authors": [
                {
                    "name": "Ivan Hontarenko",
                    "email": "stewie.dev@gmail.com"
                }
            ],
            "description": "URL Generator Library",
            "keywords": [
                "Url Generator",
                "php url",
                "uri",
                "url"
            ],
            "time": "2017-05-05 09:22:02"
        },
        {
            "name": "league/flysystem",
            "version": "1.0.40",
            "source": {
                "type": "git",
                "url": "https://github.com/thephpleague/flysystem.git",
                "reference": "3828f0b24e2c1918bb362d57a53205d6dc8fde61"
            },
            "dist": {
                "type": "zip",
                "url": "https://api.github.com/repos/thephpleague/flysystem/zipball/3828f0b24e2c1918bb362d57a53205d6dc8fde61",
                "reference": "3828f0b24e2c1918bb362d57a53205d6dc8fde61",
                "shasum": ""
            },
            "require": {
                "php": ">=5.5.9"
            },
            "conflict": {
                "league/flysystem-sftp": "<1.0.6"
            },
            "require-dev": {
                "ext-fileinfo": "*",
                "mockery/mockery": "~0.9",
                "phpspec/phpspec": "^2.2",
                "phpunit/phpunit": "~4.8"
            },
            "suggest": {
                "ext-fileinfo": "Required for MimeType",
                "league/flysystem-aws-s3-v2": "Allows you to use S3 storage with AWS SDK v2",
                "league/flysystem-aws-s3-v3": "Allows you to use S3 storage with AWS SDK v3",
                "league/flysystem-azure": "Allows you to use Windows Azure Blob storage",
                "league/flysystem-cached-adapter": "Flysystem adapter decorator for metadata caching",
                "league/flysystem-copy": "Allows you to use Copy.com storage",
                "league/flysystem-eventable-filesystem": "Allows you to use EventableFilesystem",
                "league/flysystem-rackspace": "Allows you to use Rackspace Cloud Files",
                "league/flysystem-sftp": "Allows you to use SFTP server storage via phpseclib",
                "league/flysystem-webdav": "Allows you to use WebDAV storage",
                "league/flysystem-ziparchive": "Allows you to use ZipArchive adapter",
                "spatie/flysystem-dropbox": "Allows you to use Dropbox storage"
            },
            "type": "library",
            "extra": {
                "branch-alias": {
                    "dev-master": "1.1-dev"
                }
            },
            "autoload": {
                "psr-4": {
                    "League\\Flysystem\\": "src/"
                }
            },
            "notification-url": "https://packagist.org/downloads/",
            "license": [
                "MIT"
            ],
            "authors": [
                {
                    "name": "Frank de Jonge",
                    "email": "info@frenky.net"
                }
            ],
            "description": "Filesystem abstraction: Many filesystems, one API.",
            "keywords": [
                "Cloud Files",
                "WebDAV",
                "abstraction",
                "aws",
                "cloud",
                "copy.com",
                "dropbox",
                "file systems",
                "files",
                "filesystem",
                "filesystems",
                "ftp",
                "rackspace",
                "remote",
                "s3",
                "sftp",
                "storage"
            ],
            "time": "2017-04-28 10:15:08"
        },
        {
            "name": "predis/predis",
            "version": "v1.1.1",
            "source": {
                "type": "git",
                "url": "https://github.com/nrk/predis.git",
                "reference": "f0210e38881631afeafb56ab43405a92cafd9fd1"
            },
            "dist": {
                "type": "zip",
                "url": "https://api.github.com/repos/nrk/predis/zipball/f0210e38881631afeafb56ab43405a92cafd9fd1",
                "reference": "f0210e38881631afeafb56ab43405a92cafd9fd1",
                "shasum": ""
            },
            "require": {
                "php": ">=5.3.9"
            },
            "require-dev": {
                "phpunit/phpunit": "~4.8"
            },
            "suggest": {
                "ext-curl": "Allows access to Webdis when paired with phpiredis",
                "ext-phpiredis": "Allows faster serialization and deserialization of the Redis protocol"
            },
            "type": "library",
            "autoload": {
                "psr-4": {
                    "Predis\\": "src/"
                }
            },
            "notification-url": "https://packagist.org/downloads/",
            "license": [
                "MIT"
            ],
            "authors": [
                {
                    "name": "Daniele Alessandri",
                    "email": "suppakilla@gmail.com",
                    "homepage": "http://clorophilla.net"
                }
            ],
            "description": "Flexible and feature-complete Redis client for PHP and HHVM",
            "homepage": "http://github.com/nrk/predis",
            "keywords": [
                "nosql",
                "predis",
                "redis"
            ],
            "time": "2016-06-16 16:22:20"
        },
        {
            "name": "psr/cache",
            "version": "1.0.1",
            "source": {
                "type": "git",
                "url": "https://github.com/php-fig/cache.git",
                "reference": "d11b50ad223250cf17b86e38383413f5a6764bf8"
            },
            "dist": {
                "type": "zip",
                "url": "https://api.github.com/repos/php-fig/cache/zipball/d11b50ad223250cf17b86e38383413f5a6764bf8",
                "reference": "d11b50ad223250cf17b86e38383413f5a6764bf8",
                "shasum": ""
            },
            "require": {
                "php": ">=5.3.0"
            },
            "type": "library",
            "extra": {
                "branch-alias": {
                    "dev-master": "1.0.x-dev"
                }
            },
            "autoload": {
                "psr-4": {
                    "Psr\\Cache\\": "src/"
                }
            },
            "notification-url": "https://packagist.org/downloads/",
            "license": [
                "MIT"
            ],
            "authors": [
                {
                    "name": "PHP-FIG",
                    "homepage": "http://www.php-fig.org/"
                }
            ],
            "description": "Common interface for caching libraries",
            "keywords": [
                "cache",
                "psr",
                "psr-6"
            ],
            "time": "2016-08-06 20:24:11"
        },
        {
            "name": "symfony/yaml",
            "version": "v3.2.8",
            "source": {
                "type": "git",
                "url": "https://github.com/symfony/yaml.git",
                "reference": "acec26fcf7f3031e094e910b94b002fa53d4e4d6"
            },
            "dist": {
                "type": "zip",
                "url": "https://api.github.com/repos/symfony/yaml/zipball/acec26fcf7f3031e094e910b94b002fa53d4e4d6",
                "reference": "acec26fcf7f3031e094e910b94b002fa53d4e4d6",
                "shasum": ""
            },
            "require": {
                "php": ">=5.5.9"
            },
            "require-dev": {
                "symfony/console": "~2.8|~3.0"
            },
            "suggest": {
                "symfony/console": "For validating YAML files using the lint command"
            },
            "type": "library",
            "extra": {
                "branch-alias": {
                    "dev-master": "3.2-dev"
                }
            },
            "autoload": {
                "psr-4": {
                    "Symfony\\Component\\Yaml\\": ""
                },
                "exclude-from-classmap": [
                    "/Tests/"
                ]
            },
            "notification-url": "https://packagist.org/downloads/",
            "license": [
                "MIT"
            ],
            "authors": [
                {
                    "name": "Fabien Potencier",
                    "email": "fabien@symfony.com"
                },
                {
                    "name": "Symfony Community",
                    "homepage": "https://symfony.com/contributors"
                }
            ],
            "description": "Symfony Yaml Component",
            "homepage": "https://symfony.com",
            "time": "2017-05-01 14:55:58"
        }
    ],
    "packages-dev": [],
    "aliases": [],
    "minimum-stability": "stable",
    "stability-flags": [],
    "prefer-stable": false,
    "prefer-lowest": false,
    "platform": {
        "php": ">=5.5"
    },
    "platform-dev": []
}
